PODS:
  - YandexMobileMetrica/Dynamic (4.5.0):
    - YandexMobileMetrica/Dynamic/Core (= 4.5.0)
    - YandexMobileMetrica/Dynamic/Crashes (= 4.5.0)
  - YandexMobileMetrica/Dynamic/Core (4.5.0)
  - YandexMobileMetrica/Dynamic/Crashes (4.5.0):
    - YandexMobileMetrica/Dynamic/Core

DEPENDENCIES:
  - YandexMobileMetrica/Dynamic (= 4.5.0)

SPEC REPOS:
  trunk:
    - YandexMobileMetrica

SPEC CHECKSUMS:
  YandexMobileMetrica: 7dafc7d224077d4443ab3a587b82b24e9b6cc9c7

PODFILE CHECKSUM: 7a377f8e875858e5e13294a9a37a349744d5ca0a

COCOAPODS: 1.16.2
