// !$*UTF8*$!
{
	archiveVersion = 1;
	classes = {
	};
	objectVersion = 56;
	objects = {

/* Begin PBXBuildFile section */
		CEDADE7F2D78C06F005E7BD3 /* GeometricParams.swift in Sources */ = {isa = PBXBuildFile; fileRef = CEDADE7E2D78C06F005E7BD3 /* GeometricParams.swift */; };
		CEEC37A32D7B4EC200AB3C29 /* TrackerPresenterProtocol.swift in Sources */ = {isa = PBXBuildFile; fileRef = CEEC37A22D7B4EC200AB3C29 /* TrackerPresenterProtocol.swift */; };
		CEEED9122D75D955008FAB02 /* TrackerCell.swift in Sources */ = {isa = PBXBuildFile; fileRef = CEEED9112D75D955008FAB02 /* TrackerCell.swift */; };
		CEEED9142D75E13A008FAB02 /* TrackerSelectionViewController.swift in Sources */ = {isa = PBXBuildFile; fileRef = CEEED9132D75E13A008FAB02 /* TrackerSelectionViewController.swift */; };
		CEEED9162D75F408008FAB02 /* TrackerCreationViewController.swift in Sources */ = {isa = PBXBuildFile; fileRef = CEEED9152D75F408008FAB02 /* TrackerCreationViewController.swift */; };
		CEEED91A2D77307B008FAB02 /* ScheduleViewController.swift in Sources */ = {isa = PBXBuildFile; fileRef = CEEED9192D77307B008FAB02 /* ScheduleViewController.swift */; };
		CEF853B12D7F409000C7732D /* TrackerCellDelegateProtocol.swift in Sources */ = {isa = PBXBuildFile; fileRef = CEF853B02D7F407B00C7732D /* TrackerCellDelegateProtocol.swift */; };
		CEF853B32D7F492300C7732D /* HeaderForSection.swift in Sources */ = {isa = PBXBuildFile; fileRef = CEF853B22D7F491600C7732D /* HeaderForSection.swift */; };
		CEFB2DFA2D689649002CF95C /* AppDelegate.swift in Sources */ = {isa = PBXBuildFile; fileRef = CEFB2DF92D689649002CF95C /* AppDelegate.swift */; };
		CEFB2DFC2D689649002CF95C /* SceneDelegate.swift in Sources */ = {isa = PBXBuildFile; fileRef = CEFB2DFB2D689649002CF95C /* SceneDelegate.swift */; };
		CEFB2DFE2D689649002CF95C /* TabBarController.swift in Sources */ = {isa = PBXBuildFile; fileRef = CEFB2DFD2D689649002CF95C /* TabBarController.swift */; };
		CEFB2E032D68964B002CF95C /* Assets.xcassets in Resources */ = {isa = PBXBuildFile; fileRef = CEFB2E022D68964B002CF95C /* Assets.xcassets */; };
		CEFB2E062D68964B002CF95C /* Base in Resources */ = {isa = PBXBuildFile; fileRef = CEFB2E052D68964B002CF95C /* Base */; };
		CEFB2E112D68C610002CF95C /* TrackersViewController.swift in Sources */ = {isa = PBXBuildFile; fileRef = CEFB2E102D68C610002CF95C /* TrackersViewController.swift */; };
		CEFB2E132D68C67D002CF95C /* StatisticsViewController.swift in Sources */ = {isa = PBXBuildFile; fileRef = CEFB2E122D68C67D002CF95C /* StatisticsViewController.swift */; };
		CEFB2E7F2D70AD8F002CF95C /* Tracker&Schedule.swift in Sources */ = {isa = PBXBuildFile; fileRef = CEFB2E7E2D70AD8F002CF95C /* Tracker&Schedule.swift */; };
		CEFB2E812D70ADA1002CF95C /* TrackerCategory.swift in Sources */ = {isa = PBXBuildFile; fileRef = CEFB2E802D70ADA1002CF95C /* TrackerCategory.swift */; };
		CEFB2E832D70ADAF002CF95C /* TrackerRecord.swift in Sources */ = {isa = PBXBuildFile; fileRef = CEFB2E822D70ADAF002CF95C /* TrackerRecord.swift */; };
/* End PBXBuildFile section */

/* Begin PBXFileReference section */
		CEDADE7E2D78C06F005E7BD3 /* GeometricParams.swift */ = {isa = PBXFileReference; lastKnownFileType = sourcecode.swift; path = GeometricParams.swift; sourceTree = "<group>"; };
		CEEC37A22D7B4EC200AB3C29 /* TrackerPresenterProtocol.swift */ = {isa = PBXFileReference; lastKnownFileType = sourcecode.swift; path = TrackerPresenterProtocol.swift; sourceTree = "<group>"; };
		CEEED9112D75D955008FAB02 /* TrackerCell.swift */ = {isa = PBXFileReference; lastKnownFileType = sourcecode.swift; path = TrackerCell.swift; sourceTree = "<group>"; };
		CEEED9132D75E13A008FAB02 /* TrackerSelectionViewController.swift */ = {isa = PBXFileReference; lastKnownFileType = sourcecode.swift; path = TrackerSelectionViewController.swift; sourceTree = "<group>"; };
		CEEED9152D75F408008FAB02 /* TrackerCreationViewController.swift */ = {isa = PBXFileReference; lastKnownFileType = sourcecode.swift; path = TrackerCreationViewController.swift; sourceTree = "<group>"; };
		CEEED9192D77307B008FAB02 /* ScheduleViewController.swift */ = {isa = PBXFileReference; lastKnownFileType = sourcecode.swift; path = ScheduleViewController.swift; sourceTree = "<group>"; };
		CEF853B02D7F407B00C7732D /* TrackerCellDelegateProtocol.swift */ = {isa = PBXFileReference; lastKnownFileType = sourcecode.swift; path = TrackerCellDelegateProtocol.swift; sourceTree = "<group>"; };
		CEF853B22D7F491600C7732D /* HeaderForSection.swift */ = {isa = PBXFileReference; lastKnownFileType = sourcecode.swift; path = HeaderForSection.swift; sourceTree = "<group>"; };
		CEFB2DF62D689649002CF95C /* Tracker.app */ = {isa = PBXFileReference; explicitFileType = wrapper.application; includeInIndex = 0; path = Tracker.app; sourceTree = BUILT_PRODUCTS_DIR; };
		CEFB2DF92D689649002CF95C /* AppDelegate.swift */ = {isa = PBXFileReference; lastKnownFileType = sourcecode.swift; path = AppDelegate.swift; sourceTree = "<group>"; };
		CEFB2DFB2D689649002CF95C /* SceneDelegate.swift */ = {isa = PBXFileReference; lastKnownFileType = sourcecode.swift; path = SceneDelegate.swift; sourceTree = "<group>"; };
		CEFB2DFD2D689649002CF95C /* TabBarController.swift */ = {isa = PBXFileReference; lastKnownFileType = sourcecode.swift; path = TabBarController.swift; sourceTree = "<group>"; };
		CEFB2E022D68964B002CF95C /* Assets.xcassets */ = {isa = PBXFileReference; lastKnownFileType = folder.assetcatalog; path = Assets.xcassets; sourceTree = "<group>"; };
		CEFB2E052D68964B002CF95C /* Base */ = {isa = PBXFileReference; lastKnownFileType = file.storyboard; name = Base; path = Base.lproj/LaunchScreen.storyboard; sourceTree = "<group>"; };
		CEFB2E072D68964B002CF95C /* Info.plist */ = {isa = PBXFileReference; lastKnownFileType = text.plist.xml; path = Info.plist; sourceTree = "<group>"; };
		CEFB2E102D68C610002CF95C /* TrackersViewController.swift */ = {isa = PBXFileReference; lastKnownFileType = sourcecode.swift; path = TrackersViewController.swift; sourceTree = "<group>"; };
		CEFB2E122D68C67D002CF95C /* StatisticsViewController.swift */ = {isa = PBXFileReference; lastKnownFileType = sourcecode.swift; path = StatisticsViewController.swift; sourceTree = "<group>"; };
		CEFB2E7E2D70AD8F002CF95C /* Tracker&Schedule.swift */ = {isa = PBXFileReference; lastKnownFileType = sourcecode.swift; path = "Tracker&Schedule.swift"; sourceTree = "<group>"; };
		CEFB2E802D70ADA1002CF95C /* TrackerCategory.swift */ = {isa = PBXFileReference; lastKnownFileType = sourcecode.swift; path = TrackerCategory.swift; sourceTree = "<group>"; };
		CEFB2E822D70ADAF002CF95C /* TrackerRecord.swift */ = {isa = PBXFileReference; lastKnownFileType = sourcecode.swift; path = TrackerRecord.swift; sourceTree = "<group>"; };
/* End PBXFileReference section */

/* Begin PBXFrameworksBuildPhase section */
		CEFB2DF32D689649002CF95C /* Frameworks */ = {
			isa = PBXFrameworksBuildPhase;
			buildActionMask = 2147483647;
			files = (
			);
			runOnlyForDeploymentPostprocessing = 0;
		};
/* End PBXFrameworksBuildPhase section */

/* Begin PBXGroup section */
		CE22280E2D78717000E8F2C6 /* TrackerCreation */ = {
			isa = PBXGroup;
			children = (
				CEEED9132D75E13A008FAB02 /* TrackerSelectionViewController.swift */,
				CEEC37A22D7B4EC200AB3C29 /* TrackerPresenterProtocol.swift */,
				CE22280F2D7871A500E8F2C6 /* TrackerCreation */,
			);
			path = TrackerCreation;
			sourceTree = "<group>";
		};
		CE22280F2D7871A500E8F2C6 /* TrackerCreation */ = {
			isa = PBXGroup;
			children = (
				CEEED9152D75F408008FAB02 /* TrackerCreationViewController.swift */,
				CEEED9192D77307B008FAB02 /* ScheduleViewController.swift */,
			);
			path = TrackerCreation;
			sourceTree = "<group>";
		};
		CE55AC222D842C5E00592662 /* CollectionViewHelpers */ = {
			isa = PBXGroup;
			children = (
				CEF853B02D7F407B00C7732D /* TrackerCellDelegateProtocol.swift */,
				CEF853B22D7F491600C7732D /* HeaderForSection.swift */,
				CEDADE7E2D78C06F005E7BD3 /* GeometricParams.swift */,
				CEEED9112D75D955008FAB02 /* TrackerCell.swift */,
			);
			path = CollectionViewHelpers;
			sourceTree = "<group>";
		};
		CEFB2DED2D689649002CF95C = {
			isa = PBXGroup;
			children = (
				CEFB2DF82D689649002CF95C /* Tracker */,
				CEFB2DF72D689649002CF95C /* Products */,
			);
			sourceTree = "<group>";
		};
		CEFB2DF72D689649002CF95C /* Products */ = {
			isa = PBXGroup;
			children = (
				CEFB2DF62D689649002CF95C /* Tracker.app */,
			);
			name = Products;
			sourceTree = "<group>";
		};
		CEFB2DF82D689649002CF95C /* Tracker */ = {
			isa = PBXGroup;
			children = (
				CEFB2DF92D689649002CF95C /* AppDelegate.swift */,
				CEFB2DFB2D689649002CF95C /* SceneDelegate.swift */,
				CEFB2E7D2D70AD56002CF95C /* TrackerStructures */,
				CEFB2E0F2D68C5BC002CF95C /* Statistics */,
				CEFB2E0E2D68C581002CF95C /* Trackers */,
				CEFB2E0D2D68C569002CF95C /* TabBar */,
				CEFB2E022D68964B002CF95C /* Assets.xcassets */,
				CEFB2E042D68964B002CF95C /* LaunchScreen.storyboard */,
				CEFB2E072D68964B002CF95C /* Info.plist */,
			);
			path = Tracker;
			sourceTree = "<group>";
		};
		CEFB2E0D2D68C569002CF95C /* TabBar */ = {
			isa = PBXGroup;
			children = (
				CEFB2DFD2D689649002CF95C /* TabBarController.swift */,
			);
			path = TabBar;
			sourceTree = "<group>";
		};
		CEFB2E0E2D68C581002CF95C /* Trackers */ = {
			isa = PBXGroup;
			children = (
				CE55AC222D842C5E00592662 /* CollectionViewHelpers */,
				CEFB2E102D68C610002CF95C /* TrackersViewController.swift */,
				CE22280E2D78717000E8F2C6 /* TrackerCreation */,
			);
			path = Trackers;
			sourceTree = "<group>";
		};
		CEFB2E0F2D68C5BC002CF95C /* Statistics */ = {
			isa = PBXGroup;
			children = (
				CEFB2E122D68C67D002CF95C /* StatisticsViewController.swift */,
			);
			path = Statistics;
			sourceTree = "<group>";
		};
		CEFB2E7D2D70AD56002CF95C /* TrackerStructures */ = {
			isa = PBXGroup;
			children = (
				CEFB2E7E2D70AD8F002CF95C /* Tracker&Schedule.swift */,
				CEFB2E802D70ADA1002CF95C /* TrackerCategory.swift */,
				CEFB2E822D70ADAF002CF95C /* TrackerRecord.swift */,
			);
			path = TrackerStructures;
			sourceTree = "<group>";
		};
/* End PBXGroup section */

/* Begin PBXNativeTarget section */
		CEFB2DF52D689649002CF95C /* Tracker */ = {
			isa = PBXNativeTarget;
			buildConfigurationList = CEFB2E0A2D68964B002CF95C /* Build configuration list for PBXNativeTarget "Tracker" */;
			buildPhases = (
				CEFB2DF22D689649002CF95C /* Sources */,
				CEFB2DF32D689649002CF95C /* Frameworks */,
				CEFB2DF42D689649002CF95C /* Resources */,
			);
			buildRules = (
			);
			dependencies = (
			);
			name = Tracker;
			productName = Tracker;
			productReference = CEFB2DF62D689649002CF95C /* Tracker.app */;
			productType = "com.apple.product-type.application";
		};
/* End PBXNativeTarget section */

/* Begin PBXProject section */
		CEFB2DEE2D689649002CF95C /* Project object */ = {
			isa = PBXProject;
			attributes = {
				BuildIndependentTargetsInParallel = 1;
				LastSwiftUpdateCheck = 1540;
				LastUpgradeCheck = 1540;
				TargetAttributes = {
					CEFB2DF52D689649002CF95C = {
						CreatedOnToolsVersion = 15.4;
					};
				};
			};
			buildConfigurationList = CEFB2DF12D689649002CF95C /* Build configuration list for PBXProject "Tracker" */;
			compatibilityVersion = "Xcode 14.0";
			developmentRegion = en;
			hasScannedForEncodings = 0;
			knownRegions = (
				en,
				Base,
			);
			mainGroup = CEFB2DED2D689649002CF95C;
			productRefGroup = CEFB2DF72D689649002CF95C /* Products */;
			projectDirPath = "";
			projectRoot = "";
			targets = (
				CEFB2DF52D689649002CF95C /* Tracker */,
			);
		};
/* End PBXProject section */

/* Begin PBXResourcesBuildPhase section */
		CEFB2DF42D689649002CF95C /* Resources */ = {
			isa = PBXResourcesBuildPhase;
			buildActionMask = 2147483647;
			files = (
				CEFB2E032D68964B002CF95C /* Assets.xcassets in Resources */,
				CEFB2E062D68964B002CF95C /* Base in Resources */,
			);
			runOnlyForDeploymentPostprocessing = 0;
		};
/* End PBXResourcesBuildPhase section */

/* Begin PBXSourcesBuildPhase section */
		CEFB2DF22D689649002CF95C /* Sources */ = {
			isa = PBXSourcesBuildPhase;
			buildActionMask = 2147483647;
			files = (
				CEEED9142D75E13A008FAB02 /* TrackerSelectionViewController.swift in Sources */,
				CEEED9122D75D955008FAB02 /* TrackerCell.swift in Sources */,
				CEFB2E132D68C67D002CF95C /* StatisticsViewController.swift in Sources */,
				CEEED91A2D77307B008FAB02 /* ScheduleViewController.swift in Sources */,
				CEEED9162D75F408008FAB02 /* TrackerCreationViewController.swift in Sources */,
				CEF853B12D7F409000C7732D /* TrackerCellDelegateProtocol.swift in Sources */,
				CEFB2E812D70ADA1002CF95C /* TrackerCategory.swift in Sources */,
				CEFB2DFE2D689649002CF95C /* TabBarController.swift in Sources */,
				CEFB2E112D68C610002CF95C /* TrackersViewController.swift in Sources */,
				CEFB2E832D70ADAF002CF95C /* TrackerRecord.swift in Sources */,
				CEFB2DFA2D689649002CF95C /* AppDelegate.swift in Sources */,
				CEF853B32D7F492300C7732D /* HeaderForSection.swift in Sources */,
				CEEC37A32D7B4EC200AB3C29 /* TrackerPresenterProtocol.swift in Sources */,
				CEDADE7F2D78C06F005E7BD3 /* GeometricParams.swift in Sources */,
				CEFB2DFC2D689649002CF95C /* SceneDelegate.swift in Sources */,
				CEFB2E7F2D70AD8F002CF95C /* Tracker&Schedule.swift in Sources */,
			);
			runOnlyForDeploymentPostprocessing = 0;
		};
/* End PBXSourcesBuildPhase section */

/* Begin PBXVariantGroup section */
		CEFB2E042D68964B002CF95C /* LaunchScreen.storyboard */ = {
			isa = PBXVariantGroup;
			children = (
				CEFB2E052D68964B002CF95C /* Base */,
			);
			name = LaunchScreen.storyboard;
			sourceTree = "<group>";
		};
/* End PBXVariantGroup section */

/* Begin XCBuildConfiguration section */
		CEFB2E082D68964B002CF95C /* Debug */ = {
			isa = XCBuildConfiguration;
			buildSettings = {
				ALWAYS_SEARCH_USER_PATHS = NO;
				ASSETCATALOG_COMPILER_GENERATE_SWIFT_ASSET_SYMBOL_EXTENSIONS = YES;
				CLANG_ANALYZER_NONNULL = YES;
				CLANG_ANALYZER_NUMBER_OBJECT_CONVERSION = YES_AGGRESSIVE;
				CLANG_CXX_LANGUAGE_STANDARD = "gnu++20";
				CLANG_ENABLE_MODULES = YES;
				CLANG_ENABLE_OBJC_ARC = YES;
				CLANG_ENABLE_OBJC_WEAK = YES;
				CLANG_WARN_BLOCK_CAPTURE_AUTORELEASING = YES;
				CLANG_WARN_BOOL_CONVERSION = YES;
				CLANG_WARN_COMMA = YES;
				CLANG_WARN_CONSTANT_CONVERSION = YES;
				CLANG_WARN_DEPRECATED_OBJC_IMPLEMENTATIONS = YES;
				CLANG_WARN_DIRECT_OBJC_ISA_USAGE = YES_ERROR;
				CLANG_WARN_DOCUMENTATION_COMMENTS = YES;
				CLANG_WARN_EMPTY_BODY = YES;
				CLANG_WARN_ENUM_CONVERSION = YES;
				CLANG_WARN_INFINITE_RECURSION = YES;
				CLANG_WARN_INT_CONVERSION = YES;
				CLANG_WARN_NON_LITERAL_NULL_CONVERSION = YES;
				CLANG_WARN_OBJC_IMPLICIT_RETAIN_SELF = YES;
				CLANG_WARN_OBJC_LITERAL_CONVERSION = YES;
				CLANG_WARN_OBJC_ROOT_CLASS = YES_ERROR;
				CLANG_WARN_QUOTED_INCLUDE_IN_FRAMEWORK_HEADER = YES;
				CLANG_WARN_RANGE_LOOP_ANALYSIS = YES;
				CLANG_WARN_STRICT_PROTOTYPES = YES;
				CLANG_WARN_SUSPICIOUS_MOVE = YES;
				CLANG_WARN_UNGUARDED_AVAILABILITY = YES_AGGRESSIVE;
				CLANG_WARN_UNREACHABLE_CODE = YES;
				CLANG_WARN__DUPLICATE_METHOD_MATCH = YES;
				COPY_PHASE_STRIP = NO;
				DEBUG_INFORMATION_FORMAT = dwarf;
				ENABLE_STRICT_OBJC_MSGSEND = YES;
				ENABLE_TESTABILITY = YES;
				ENABLE_USER_SCRIPT_SANDBOXING = YES;
				GCC_C_LANGUAGE_STANDARD = gnu17;
				GCC_DYNAMIC_NO_PIC = NO;
				GCC_NO_COMMON_BLOCKS = YES;
				GCC_OPTIMIZATION_LEVEL = 0;
				GCC_PREPROCESSOR_DEFINITIONS = (
					"DEBUG=1",
					"$(inherited)",
				);
				GCC_WARN_64_TO_32_BIT_CONVERSION = YES;
				GCC_WARN_ABOUT_RETURN_TYPE = YES_ERROR;
				GCC_WARN_UNDECLARED_SELECTOR = YES;
				GCC_WARN_UNINITIALIZED_AUTOS = YES_AGGRESSIVE;
				GCC_WARN_UNUSED_FUNCTION = YES;
				GCC_WARN_UNUSED_VARIABLE = YES;
				IPHONEOS_DEPLOYMENT_TARGET = 13.4;
				LOCALIZATION_PREFERS_STRING_CATALOGS = YES;
				MTL_ENABLE_DEBUG_INFO = INCLUDE_SOURCE;
				MTL_FAST_MATH = YES;
				ONLY_ACTIVE_ARCH = YES;
				SDKROOT = iphoneos;
				SWIFT_ACTIVE_COMPILATION_CONDITIONS = "DEBUG $(inherited)";
				SWIFT_OPTIMIZATION_LEVEL = "-Onone";
			};
			name = Debug;
		};
		CEFB2E092D68964B002CF95C /* Release */ = {
			isa = XCBuildConfiguration;
			buildSettings = {
				ALWAYS_SEARCH_USER_PATHS = NO;
				ASSETCATALOG_COMPILER_GENERATE_SWIFT_ASSET_SYMBOL_EXTENSIONS = YES;
				CLANG_ANALYZER_NONNULL = YES;
				CLANG_ANALYZER_NUMBER_OBJECT_CONVERSION = YES_AGGRESSIVE;
				CLANG_CXX_LANGUAGE_STANDARD = "gnu++20";
				CLANG_ENABLE_MODULES = YES;
				CLANG_ENABLE_OBJC_ARC = YES;
				CLANG_ENABLE_OBJC_WEAK = YES;
				CLANG_WARN_BLOCK_CAPTURE_AUTORELEASING = YES;
				CLANG_WARN_BOOL_CONVERSION = YES;
				CLANG_WARN_COMMA = YES;
				CLANG_WARN_CONSTANT_CONVERSION = YES;
				CLANG_WARN_DEPRECATED_OBJC_IMPLEMENTATIONS = YES;
				CLANG_WARN_DIRECT_OBJC_ISA_USAGE = YES_ERROR;
				CLANG_WARN_DOCUMENTATION_COMMENTS = YES;
				CLANG_WARN_EMPTY_BODY = YES;
				CLANG_WARN_ENUM_CONVERSION = YES;
				CLANG_WARN_INFINITE_RECURSION = YES;
				CLANG_WARN_INT_CONVERSION = YES;
				CLANG_WARN_NON_LITERAL_NULL_CONVERSION = YES;
				CLANG_WARN_OBJC_IMPLICIT_RETAIN_SELF = YES;
				CLANG_WARN_OBJC_LITERAL_CONVERSION = YES;
				CLANG_WARN_OBJC_ROOT_CLASS = YES_ERROR;
				CLANG_WARN_QUOTED_INCLUDE_IN_FRAMEWORK_HEADER = YES;
				CLANG_WARN_RANGE_LOOP_ANALYSIS = YES;
				CLANG_WARN_STRICT_PROTOTYPES = YES;
				CLANG_WARN_SUSPICIOUS_MOVE = YES;
				CLANG_WARN_UNGUARDED_AVAILABILITY = YES_AGGRESSIVE;
				CLANG_WARN_UNREACHABLE_CODE = YES;
				CLANG_WARN__DUPLICATE_METHOD_MATCH = YES;
				COPY_PHASE_STRIP = NO;
				DEBUG_INFORMATION_FORMAT = "dwarf-with-dsym";
				ENABLE_NS_ASSERTIONS = NO;
				ENABLE_STRICT_OBJC_MSGSEND = YES;
				ENABLE_USER_SCRIPT_SANDBOXING = YES;
				GCC_C_LANGUAGE_STANDARD = gnu17;
				GCC_NO_COMMON_BLOCKS = YES;
				GCC_WARN_64_TO_32_BIT_CONVERSION = YES;
				GCC_WARN_ABOUT_RETURN_TYPE = YES_ERROR;
				GCC_WARN_UNDECLARED_SELECTOR = YES;
				GCC_WARN_UNINITIALIZED_AUTOS = YES_AGGRESSIVE;
				GCC_WARN_UNUSED_FUNCTION = YES;
				GCC_WARN_UNUSED_VARIABLE = YES;
				IPHONEOS_DEPLOYMENT_TARGET = 13.4;
				LOCALIZATION_PREFERS_STRING_CATALOGS = YES;
				MTL_ENABLE_DEBUG_INFO = NO;
				MTL_FAST_MATH = YES;
				SDKROOT = iphoneos;
				SWIFT_COMPILATION_MODE = wholemodule;
				VALIDATE_PRODUCT = YES;
			};
			name = Release;
		};
		CEFB2E0B2D68964B002CF95C /* Debug */ = {
			isa = XCBuildConfiguration;
			buildSettings = {
				ASSETCATALOG_COMPILER_APPICON_NAME = AppIcon;
				ASSETCATALOG_COMPILER_GLOBAL_ACCENT_COLOR_NAME = AccentColor;
				CODE_SIGN_STYLE = Automatic;
				CURRENT_PROJECT_VERSION = 1;
				DEVELOPMENT_TEAM = 3669X7VCBS;
				GENERATE_INFOPLIST_FILE = YES;
				INFOPLIST_FILE = Tracker/Info.plist;
				INFOPLIST_KEY_UIApplicationSupportsIndirectInputEvents = YES;
				INFOPLIST_KEY_UILaunchStoryboardName = LaunchScreen;
				INFOPLIST_KEY_UISupportedInterfaceOrientations = UIInterfaceOrientationPortrait;
				INFOPLIST_KEY_UISupportedInterfaceOrientations_iPad = "UIInterfaceOrientationLandscapeLeft UIInterfaceOrientationLandscapeRight UIInterfaceOrientationPortrait UIInterfaceOrientationPortraitUpsideDown";
				IPHONEOS_DEPLOYMENT_TARGET = 13.4;
				LD_RUNPATH_SEARCH_PATHS = (
					"$(inherited)",
					"@executable_path/Frameworks",
				);
				MARKETING_VERSION = 1.0;
				PRODUCT_BUNDLE_IDENTIFIER = ru.lmazulova.Tracker;
				PRODUCT_NAME = "$(TARGET_NAME)";
				SUPPORTED_PLATFORMS = "iphoneos iphonesimulator";
				SUPPORTS_MACCATALYST = NO;
				SUPPORTS_MAC_DESIGNED_FOR_IPHONE_IPAD = NO;
				SUPPORTS_XR_DESIGNED_FOR_IPHONE_IPAD = NO;
				SWIFT_EMIT_LOC_STRINGS = YES;
				SWIFT_VERSION = 5.0;
				TARGETED_DEVICE_FAMILY = 1;
			};
			name = Debug;
		};
		CEFB2E0C2D68964B002CF95C /* Release */ = {
			isa = XCBuildConfiguration;
			buildSettings = {
				ASSETCATALOG_COMPILER_APPICON_NAME = AppIcon;
				ASSETCATALOG_COMPILER_GLOBAL_ACCENT_COLOR_NAME = AccentColor;
				CODE_SIGN_STYLE = Automatic;
				CURRENT_PROJECT_VERSION = 1;
				DEVELOPMENT_TEAM = 3669X7VCBS;
				GENERATE_INFOPLIST_FILE = YES;
				INFOPLIST_FILE = Tracker/Info.plist;
				INFOPLIST_KEY_UIApplicationSupportsIndirectInputEvents = YES;
				INFOPLIST_KEY_UILaunchStoryboardName = LaunchScreen;
				INFOPLIST_KEY_UISupportedInterfaceOrientations = UIInterfaceOrientationPortrait;
				INFOPLIST_KEY_UISupportedInterfaceOrientations_iPad = "UIInterfaceOrientationLandscapeLeft UIInterfaceOrientationLandscapeRight UIInterfaceOrientationPortrait UIInterfaceOrientationPortraitUpsideDown";
				IPHONEOS_DEPLOYMENT_TARGET = 13.4;
				LD_RUNPATH_SEARCH_PATHS = (
					"$(inherited)",
					"@executable_path/Frameworks",
				);
				MARKETING_VERSION = 1.0;
				PRODUCT_BUNDLE_IDENTIFIER = ru.lmazulova.Tracker;
				PRODUCT_NAME = "$(TARGET_NAME)";
				SUPPORTED_PLATFORMS = "iphoneos iphonesimulator";
				SUPPORTS_MACCATALYST = NO;
				SUPPORTS_MAC_DESIGNED_FOR_IPHONE_IPAD = NO;
				SUPPORTS_XR_DESIGNED_FOR_IPHONE_IPAD = NO;
				SWIFT_EMIT_LOC_STRINGS = YES;
				SWIFT_VERSION = 5.0;
				TARGETED_DEVICE_FAMILY = 1;
			};
			name = Release;
		};
/* End XCBuildConfiguration section */

/* Begin XCConfigurationList section */
		CEFB2DF12D689649002CF95C /* Build configuration list for PBXProject "Tracker" */ = {
			isa = XCConfigurationList;
			buildConfigurations = (
				CEFB2E082D68964B002CF95C /* Debug */,
				CEFB2E092D68964B002CF95C /* Release */,
			);
			defaultConfigurationIsVisible = 0;
			defaultConfigurationName = Release;
		};
		CEFB2E0A2D68964B002CF95C /* Build configuration list for PBXNativeTarget "Tracker" */ = {
			isa = XCConfigurationList;
			buildConfigurations = (
				CEFB2E0B2D68964B002CF95C /* Debug */,
				CEFB2E0C2D68964B002CF95C /* Release */,
			);
			defaultConfigurationIsVisible = 0;
			defaultConfigurationName = Release;
		};
/* End XCConfigurationList section */
	};
	rootObject = CEFB2DEE2D689649002CF95C /* Project object */;
}
